
Microsoft Visual Studio Solution File, Format Version 12.00
# Visual Studio Version 16
VisualStudioVersion = 16.0.31702.278
MinimumVisualStudioVersion = 10.0.40219.1
Project("{FAE04EC0-301F-11D3-BF4B-00C04F79EFBC}") = "ClassicalCipherSolver", "src\ClassicalCipherSolver.csproj", "{44A24DA8-040D-4546-A357-E6E38BC9D8B3}"
EndProject
Global
	GlobalSection(SolutionConfigurationPlatforms) = preSolution
		Debug|Any CPU = Debug|Any CPU
		Release|Any CPU = Release|Any CPU
	EndGlobalSection
	GlobalSection(ProjectConfigurationPlatforms) = postSolution
		{44A24DA8-040D-4546-A357-E6E38BC9D8B3}.Debug|Any CPU.ActiveCfg = Debug|Any CPU
		{44A24DA8-040D-4546-A357-E6E38BC9D8B3}.Debug|Any CPU.Build.0 = Debug|Any CPU
		{44A24DA8-040D-4546-A357-E6E38BC9D8B3}.Release|Any CPU.ActiveCfg = Release|Any CPU
		{44A24DA8-040D-4546-A357-E6E38BC9D8B3}.Release|Any CPU.Build.0 = Release|Any CPU
	EndGlobalSection
	GlobalSection(SolutionProperties) = preSolution
		HideSolutionNode = FALSE
	EndGlobalSection
	GlobalSection(ExtensibilityGlobals) = postSolution
		SolutionGuid = {220FAE2A-24F3-47B4-9C02-31842BA6CAA4}
	EndGlobalSection
EndGlobal
